
Microsoft Visual Studio Solution File, Format Version 12.00
# Visual Studio Version 17
VisualStudioVersion = 17.0.31903.59
MinimumVisualStudioVersion = 10.0.40219.1
Project("{FAE04EC0-301F-11D3-BF4B-00C04F79EFBC}") = "TwoSum", "TwoSum\TwoSum.csproj", "{FFECB875-E031-4F08-95C4-733FA677C029}"
EndProject
Project("{FAE04EC0-301F-11D3-BF4B-00C04F79EFBC}") = "TwoSumTest.Tests", "TwoSumTest.Tests\TwoSumTest.Tests.csproj", "{FCFB7CF8-FAA8-4484-9C21-1C731BF99AAD}"
EndProject
Global
	GlobalSection(SolutionConfigurationPlatforms) = preSolution
		Debug|Any CPU = Debug|Any CPU
		Debug|x64 = Debug|x64
		Debug|x86 = Debug|x86
		Release|Any CPU = Release|Any CPU
		Release|x64 = Release|x64
		Release|x86 = Release|x86
	EndGlobalSection
	GlobalSection(ProjectConfigurationPlatforms) = postSolution
		{FFECB875-E031-4F08-95C4-733FA677C029}.Debug|Any CPU.ActiveCfg = Debug|Any CPU
		{FFECB875-E031-4F08-95C4-733FA677C029}.Debug|Any CPU.Build.0 = Debug|Any CPU
		{FFECB875-E031-4F08-95C4-733FA677C029}.Debug|x64.ActiveCfg = Debug|Any CPU
		{FFECB875-E031-4F08-95C4-733FA677C029}.Debug|x64.Build.0 = Debug|Any CPU
		{FFECB875-E031-4F08-95C4-733FA677C029}.Debug|x86.ActiveCfg = Debug|Any CPU
		{FFECB875-E031-4F08-95C4-733FA677C029}.Debug|x86.Build.0 = Debug|Any CPU
		{FFECB875-E031-4F08-95C4-733FA677C029}.Release|Any CPU.ActiveCfg = Release|Any CPU
		{FFECB875-E031-4F08-95C4-733FA677C029}.Release|Any CPU.Build.0 = Release|Any CPU
		{FFECB875-E031-4F08-95C4-733FA677C029}.Release|x64.ActiveCfg = Release|Any CPU
		{FFECB875-E031-4F08-95C4-733FA677C029}.Release|x64.Build.0 = Release|Any CPU
		{FFECB875-E031-4F08-95C4-733FA677C029}.Release|x86.ActiveCfg = Release|Any CPU
		{FFECB875-E031-4F08-95C4-733FA677C029}.Release|x86.Build.0 = Release|Any CPU
		{FCFB7CF8-FAA8-4484-9C21-1C731BF99AAD}.Debug|Any CPU.ActiveCfg = Debug|Any CPU
		{FCFB7CF8-FAA8-4484-9C21-1C731BF99AAD}.Debug|Any CPU.Build.0 = Debug|Any CPU
		{FCFB7CF8-FAA8-4484-9C21-1C731BF99AAD}.Debug|x64.ActiveCfg = Debug|Any CPU
		{FCFB7CF8-FAA8-4484-9C21-1C731BF99AAD}.Debug|x64.Build.0 = Debug|Any CPU
		{FCFB7CF8-FAA8-4484-9C21-1C731BF99AAD}.Debug|x86.ActiveCfg = Debug|Any CPU
		{FCFB7CF8-FAA8-4484-9C21-1C731BF99AAD}.Debug|x86.Build.0 = Debug|Any CPU
		{FCFB7CF8-FAA8-4484-9C21-1C731BF99AAD}.Release|Any CPU.ActiveCfg = Release|Any CPU
		{FCFB7CF8-FAA8-4484-9C21-1C731BF99AAD}.Release|Any CPU.Build.0 = Release|Any CPU
		{FCFB7CF8-FAA8-4484-9C21-1C731BF99AAD}.Release|x64.ActiveCfg = Release|Any CPU
		{FCFB7CF8-FAA8-4484-9C21-1C731BF99AAD}.Release|x64.Build.0 = Release|Any CPU
		{FCFB7CF8-FAA8-4484-9C21-1C731BF99AAD}.Release|x86.ActiveCfg = Release|Any CPU
		{FCFB7CF8-FAA8-4484-9C21-1C731BF99AAD}.Release|x86.Build.0 = Release|Any CPU
	EndGlobalSection
	GlobalSection(SolutionProperties) = preSolution
		HideSolutionNode = FALSE
	EndGlobalSection
EndGlobal
